
Microsoft Visual Studio Solution File, Format Version 12.00
# Visual Studio 15
VisualStudioVersion = 15.0.28010.2019
MinimumVisualStudioVersion = 10.0.40219.1
Project("{FAE04EC0-301F-11D3-BF4B-00C04F79EFBC}") = "Becarevic.M_Camping", "Becarevic.M_Camping\Becarevic.M_Camping.csproj", "{946C515C-EE70-4F9A-A942-26647E490184}"
EndProject
Global
	GlobalSection(SolutionConfigurationPlatforms) = preSolution
		Debug|Any CPU = Debug|Any CPU
		Release|Any CPU = Release|Any CPU
	EndGlobalSection
	GlobalSection(ProjectConfigurationPlatforms) = postSolution
		{946C515C-EE70-4F9A-A942-26647E490184}.Debug|Any CPU.ActiveCfg = Debug|Any CPU
		{946C515C-EE70-4F9A-A942-26647E490184}.Debug|Any CPU.Build.0 = Debug|Any CPU
		{946C515C-EE70-4F9A-A942-26647E490184}.Release|Any CPU.ActiveCfg = Release|Any CPU
		{946C515C-EE70-4F9A-A942-26647E490184}.Release|Any CPU.Build.0 = Release|Any CPU
	EndGlobalSection
	GlobalSection(SolutionProperties) = preSolution
		HideSolutionNode = FALSE
	EndGlobalSection
	GlobalSection(ExtensibilityGlobals) = postSolution
		SolutionGuid = {79633447-85B9-4035-B6AC-50805B510CDC}
	EndGlobalSection
EndGlobal
